
Microsoft Visual Studio Solution File, Format Version 12.00
# Visual Studio Version 17
VisualStudioVersion = 17.5.002.0
MinimumVisualStudioVersion = 10.0.40219.1
Project("{9A19103F-16F7-4668-BE54-9A1E7A4F7556}") = "Tasc1", "Tasc1\Tasc1.csproj", "{88B718F5-6AF4-4BAB-88A1-4459FA1FEAA1}"
EndProject
Project("{9A19103F-16F7-4668-BE54-9A1E7A4F7556}") = "Tasc2", "Tasc2\Tasc2.csproj", "{B0D8E371-C8CB-41A3-BBDB-5D5814E05F68}"
EndProject
Project("{9A19103F-16F7-4668-BE54-9A1E7A4F7556}") = "Tasc3", "Tasc3\Tasc3.csproj", "{CC303EC0-D418-4B4E-9C66-002363EEDE31}"
EndProject
Project("{9A19103F-16F7-4668-BE54-9A1E7A4F7556}") = "Tasc4", "Tasc4\Tasc4.csproj", "{C5E6AE82-0ACF-43E5-AB99-4AACA79AB670}"
EndProject
Global
	GlobalSection(SolutionConfigurationPlatforms) = preSolution
		Debug|Any CPU = Debug|Any CPU
		Release|Any CPU = Release|Any CPU
	EndGlobalSection
	GlobalSection(ProjectConfigurationPlatforms) = postSolution
		{88B718F5-6AF4-4BAB-88A1-4459FA1FEAA1}.Debug|Any CPU.ActiveCfg = Debug|Any CPU
		{88B718F5-6AF4-4BAB-88A1-4459FA1FEAA1}.Debug|Any CPU.Build.0 = Debug|Any CPU
		{88B718F5-6AF4-4BAB-88A1-4459FA1FEAA1}.Release|Any CPU.ActiveCfg = Release|Any CPU
		{88B718F5-6AF4-4BAB-88A1-4459FA1FEAA1}.Release|Any CPU.Build.0 = Release|Any CPU
		{B0D8E371-C8CB-41A3-BBDB-5D5814E05F68}.Debug|Any CPU.ActiveCfg = Debug|Any CPU
		{B0D8E371-C8CB-41A3-BBDB-5D5814E05F68}.Debug|Any CPU.Build.0 = Debug|Any CPU
		{B0D8E371-C8CB-41A3-BBDB-5D5814E05F68}.Release|Any CPU.ActiveCfg = Release|Any CPU
		{B0D8E371-C8CB-41A3-BBDB-5D5814E05F68}.Release|Any CPU.Build.0 = Release|Any CPU
		{CC303EC0-D418-4B4E-9C66-002363EEDE31}.Debug|Any CPU.ActiveCfg = Debug|Any CPU
		{CC303EC0-D418-4B4E-9C66-002363EEDE31}.Debug|Any CPU.Build.0 = Debug|Any CPU
		{CC303EC0-D418-4B4E-9C66-002363EEDE31}.Release|Any CPU.ActiveCfg = Release|Any CPU
		{CC303EC0-D418-4B4E-9C66-002363EEDE31}.Release|Any CPU.Build.0 = Release|Any CPU
		{C5E6AE82-0ACF-43E5-AB99-4AACA79AB670}.Debug|Any CPU.ActiveCfg = Debug|Any CPU
		{C5E6AE82-0ACF-43E5-AB99-4AACA79AB670}.Debug|Any CPU.Build.0 = Debug|Any CPU
		{C5E6AE82-0ACF-43E5-AB99-4AACA79AB670}.Release|Any CPU.ActiveCfg = Release|Any CPU
		{C5E6AE82-0ACF-43E5-AB99-4AACA79AB670}.Release|Any CPU.Build.0 = Release|Any CPU
	EndGlobalSection
	GlobalSection(SolutionProperties) = preSolution
		HideSolutionNode = FALSE
	EndGlobalSection
	GlobalSection(ExtensibilityGlobals) = postSolution
		SolutionGuid = {BA0307F6-44CA-4542-AF3F-2C1F57AC6846}
	EndGlobalSection
EndGlobal
